// !$*UTF8*$!
{
	archiveVersion = 1;
	classes = {
	};
	objectVersion = 48;
	objects = {

/* Begin PBXBuildFile section */
		53202C5317286BF500BB02BD /* MainStoryboard.storyboard in Resources */ = {isa = PBXBuildFile; fileRef = 53202C5117286BF500BB02BD /* MainStoryboard.storyboard */; };
		533396171745525C0024FF41 /* Default-568h@2x.png in Resources */ = {isa = PBXBuildFile; fileRef = 533396101745525C0024FF41 /* Default-568h@2x.png */; };
		533396181745525C0024FF41 /* Default-Landscape.png in Resources */ = {isa = PBXBuildFile; fileRef = 533396111745525C0024FF41 /* Default-Landscape.png */; };
		533396191745525C0024FF41 /* Default-Landscape@2x.png in Resources */ = {isa = PBXBuildFile; fileRef = 533396121745525C0024FF41 /* Default-Landscape@2x.png */; };
		5333961A1745525C0024FF41 /* Default-Portrait.png in Resources */ = {isa = PBXBuildFile; fileRef = 533396131745525C0024FF41 /* Default-Portrait.png */; };
		5333961B1745525C0024FF41 /* Default-Portrait@2x.png in Resources */ = {isa = PBXBuildFile; fileRef = 533396141745525C0024FF41 /* Default-Portrait@2x.png */; };
		5333961C1745525C0024FF41 /* Default.png in Resources */ = {isa = PBXBuildFile; fileRef = 533396151745525C0024FF41 /* Default.png */; };
		5333961D1745525C0024FF41 /* Default@2x.png in Resources */ = {isa = PBXBuildFile; fileRef = 533396161745525C0024FF41 /* Default@2x.png */; };
		631EA71B1402E7CF003FB021 /* UIKit.framework in Frameworks */ = {isa = PBXBuildFile; fileRef = 631EA71A1402E7CF003FB021 /* UIKit.framework */; };
		631EA71D1402E7CF003FB021 /* Foundation.framework in Frameworks */ = {isa = PBXBuildFile; fileRef = 631EA71C1402E7CF003FB021 /* Foundation.framework */; };
		631EA71F1402E7CF003FB021 /* CoreGraphics.framework in Frameworks */ = {isa = PBXBuildFile; fileRef = 631EA71E1402E7CF003FB021 /* CoreGraphics.framework */; };
		631EA7251402E7CF003FB021 /* InfoPlist.strings in Resources */ = {isa = PBXBuildFile; fileRef = 631EA7231402E7CF003FB021 /* InfoPlist.strings */; };
		631EA76E1402E8A3003FB021 /* iAd.framework in Frameworks */ = {isa = PBXBuildFile; fileRef = 631EA76D1402E8A3003FB021 /* iAd.framework */; };
		BF3C1F421BE28297003FD66F /* MainViewController.swift in Sources */ = {isa = PBXBuildFile; fileRef = BF3C1F411BE28297003FD66F /* MainViewController.swift */; };
		BF3C1F441BE28522003FD66F /* Converter.swift in Sources */ = {isa = PBXBuildFile; fileRef = BF3C1F431BE28522003FD66F /* Converter.swift */; };
		BF486B7525C4A76A008E82E8 /* AppConfiguration.swift in Sources */ = {isa = PBXBuildFile; fileRef = BF486B7225C4A76A008E82E8 /* AppConfiguration.swift */; };
		BF486B7625C4A76A008E82E8 /* Images.xcassets in Resources */ = {isa = PBXBuildFile; fileRef = BF486B7325C4A76A008E82E8 /* Images.xcassets */; };
		BF486B7725C4A76A008E82E8 /* AppDelegate.swift in Sources */ = {isa = PBXBuildFile; fileRef = BF486B7425C4A76A008E82E8 /* AppDelegate.swift */; };
		BF6047DD256A802800350014 /* UserSettings.swift in Sources */ = {isa = PBXBuildFile; fileRef = BF6047DC256A802800350014 /* UserSettings.swift */; };
		BF6047E0256A807500350014 /* Utilities.swift in Sources */ = {isa = PBXBuildFile; fileRef = BF6047DF256A807500350014 /* Utilities.swift */; };
		BF6770401CF1A80F00A437AF /* SettingsViewController.swift in Sources */ = {isa = PBXBuildFile; fileRef = BF6770381CF1A80F00A437AF /* SettingsViewController.swift */; };
		BF6770411CF1A80F00A437AF /* ConverterSettingsViewController.swift in Sources */ = {isa = PBXBuildFile; fileRef = BF6770391CF1A80F00A437AF /* ConverterSettingsViewController.swift */; };
		BF6770421CF1A80F00A437AF /* AboutViewController.swift in Sources */ = {isa = PBXBuildFile; fileRef = BF67703A1CF1A80F00A437AF /* AboutViewController.swift */; };
		BF6770431CF1A80F00A437AF /* WhatsNewViewController.swift in Sources */ = {isa = PBXBuildFile; fileRef = BF67703B1CF1A80F00A437AF /* WhatsNewViewController.swift */; };
		BF6770441CF1A80F00A437AF /* RomanDatesProducts.swift in Sources */ = {isa = PBXBuildFile; fileRef = BF67703C1CF1A80F00A437AF /* RomanDatesProducts.swift */; };
		BF6770451CF1A80F00A437AF /* ProductCell.swift in Sources */ = {isa = PBXBuildFile; fileRef = BF67703D1CF1A80F00A437AF /* ProductCell.swift */; };
		BF6770461CF1A80F00A437AF /* ProductsViewController.swift in Sources */ = {isa = PBXBuildFile; fileRef = BF67703E1CF1A80F00A437AF /* ProductsViewController.swift */; };
		BF6770471CF1A80F00A437AF /* IAPHelper.swift in Sources */ = {isa = PBXBuildFile; fileRef = BF67703F1CF1A80F00A437AF /* IAPHelper.swift */; };
		BF7AFFE02565C5740093425F /* NewConverterSettingsView.swift in Sources */ = {isa = PBXBuildFile; fileRef = BF7AFFDF2565C5740093425F /* NewConverterSettingsView.swift */; };
		BF99018D19DD9A9900E049B0 /* LaunchScreen.xib in Resources */ = {isa = PBXBuildFile; fileRef = BF99018C19DD9A9900E049B0 /* LaunchScreen.xib */; };
		BF99DF1F256983F8000EA86D /* SwiftUIViewHostingController.swift in Sources */ = {isa = PBXBuildFile; fileRef = BF99DF1E256983F8000EA86D /* SwiftUIViewHostingController.swift */; };
		BFD358D91EEAFC13001E92CF /* MainStoryboard (IAP).storyboard in Resources */ = {isa = PBXBuildFile; fileRef = BFD358D71EEAFC13001E92CF /* MainStoryboard (IAP).storyboard */; };
		BFD358DB1EEAFD57001E92CF /* StoreKit.framework in Frameworks */ = {isa = PBXBuildFile; fileRef = BFD358DA1EEAFD57001E92CF /* StoreKit.framework */; };
/* End PBXBuildFile section */

/* Begin PBXFileReference section */
		533396101745525C0024FF41 /* Default-568h@2x.png */ = {isa = PBXFileReference; lastKnownFileType = image.png; name = "Default-568h@2x.png"; path = "../../Images/Default-568h@2x.png"; sourceTree = "<group>"; };
		533396111745525C0024FF41 /* Default-Landscape.png */ = {isa = PBXFileReference; lastKnownFileType = image.png; name = "Default-Landscape.png"; path = "../../Images/Default-Landscape.png"; sourceTree = "<group>"; };
		533396121745525C0024FF41 /* Default-Landscape@2x.png */ = {isa = PBXFileReference; lastKnownFileType = image.png; name = "Default-Landscape@2x.png"; path = "../../Images/Default-Landscape@2x.png"; sourceTree = "<group>"; };
		533396131745525C0024FF41 /* Default-Portrait.png */ = {isa = PBXFileReference; lastKnownFileType = image.png; name = "Default-Portrait.png"; path = "../../Images/Default-Portrait.png"; sourceTree = "<group>"; };
		533396141745525C0024FF41 /* Default-Portrait@2x.png */ = {isa = PBXFileReference; lastKnownFileType = image.png; name = "Default-Portrait@2x.png"; path = "../../Images/Default-Portrait@2x.png"; sourceTree = "<group>"; };
		533396151745525C0024FF41 /* Default.png */ = {isa = PBXFileReference; lastKnownFileType = image.png; name = Default.png; path = ../../Images/Default.png; sourceTree = "<group>"; };
		533396161745525C0024FF41 /* Default@2x.png */ = {isa = PBXFileReference; lastKnownFileType = image.png; name = "Default@2x.png"; path = "../../Images/Default@2x.png"; sourceTree = "<group>"; };
		631EA7161402E7CF003FB021 /* RomanDates.app */ = {isa = PBXFileReference; explicitFileType = wrapper.application; includeInIndex = 0; path = RomanDates.app; sourceTree = BUILT_PRODUCTS_DIR; };
		631EA71A1402E7CF003FB021 /* UIKit.framework */ = {isa = PBXFileReference; lastKnownFileType = wrapper.framework; name = UIKit.framework; path = System/Library/Frameworks/UIKit.framework; sourceTree = SDKROOT; };
		631EA71C1402E7CF003FB021 /* Foundation.framework */ = {isa = PBXFileReference; lastKnownFileType = wrapper.framework; name = Foundation.framework; path = System/Library/Frameworks/Foundation.framework; sourceTree = SDKROOT; };
		631EA71E1402E7CF003FB021 /* CoreGraphics.framework */ = {isa = PBXFileReference; lastKnownFileType = wrapper.framework; name = CoreGraphics.framework; path = System/Library/Frameworks/CoreGraphics.framework; sourceTree = SDKROOT; };
		631EA7221402E7CF003FB021 /* RomanDates-Info.plist */ = {isa = PBXFileReference; lastKnownFileType = text.plist.xml; name = "RomanDates-Info.plist"; path = "../RomanDates-Info.plist"; sourceTree = "<group>"; };
		631EA7241402E7CF003FB021 /* en */ = {isa = PBXFileReference; lastKnownFileType = text.plist.strings; name = en; path = en.lproj/InfoPlist.strings; sourceTree = "<group>"; };
		631EA76D1402E8A3003FB021 /* iAd.framework */ = {isa = PBXFileReference; lastKnownFileType = wrapper.framework; name = iAd.framework; path = System/Library/Frameworks/iAd.framework; sourceTree = SDKROOT; };
		BF3C1F401BE28297003FD66F /* RomanDates-Bridging-Header.h */ = {isa = PBXFileReference; lastKnownFileType = sourcecode.c.h; path = "RomanDates-Bridging-Header.h"; sourceTree = "<group>"; };
		BF3C1F411BE28297003FD66F /* MainViewController.swift */ = {isa = PBXFileReference; fileEncoding = 4; lastKnownFileType = sourcecode.swift; path = MainViewController.swift; sourceTree = "<group>"; };
		BF3C1F431BE28522003FD66F /* Converter.swift */ = {isa = PBXFileReference; fileEncoding = 4; lastKnownFileType = sourcecode.swift; path = Converter.swift; sourceTree = "<group>"; };
		BF486B7225C4A76A008E82E8 /* AppConfiguration.swift */ = {isa = PBXFileReference; fileEncoding = 4; lastKnownFileType = sourcecode.swift; path = AppConfiguration.swift; sourceTree = "<group>"; };
		BF486B7325C4A76A008E82E8 /* Images.xcassets */ = {isa = PBXFileReference; lastKnownFileType = folder.assetcatalog; path = Images.xcassets; sourceTree = "<group>"; };
		BF486B7425C4A76A008E82E8 /* AppDelegate.swift */ = {isa = PBXFileReference; fileEncoding = 4; lastKnownFileType = sourcecode.swift; path = AppDelegate.swift; sourceTree = "<group>"; };
		BF5EF5F7252F594500546690 /* Base */ = {isa = PBXFileReference; lastKnownFileType = file.storyboard; name = Base; path = BasicBanner/Base.lproj/MainStoryboard.storyboard; sourceTree = "<group>"; };
		BF5EF5F8252F594500546690 /* Base */ = {isa = PBXFileReference; lastKnownFileType = file.storyboard; name = Base; path = "BasicBanner/Base.lproj/MainStoryboard (IAP).storyboard"; sourceTree = "<group>"; };
		BF6047DC256A802800350014 /* UserSettings.swift */ = {isa = PBXFileReference; fileEncoding = 4; lastKnownFileType = sourcecode.swift; path = UserSettings.swift; sourceTree = "<group>"; };
		BF6047DF256A807500350014 /* Utilities.swift */ = {isa = PBXFileReference; lastKnownFileType = sourcecode.swift; path = Utilities.swift; sourceTree = "<group>"; };
		BF6770381CF1A80F00A437AF /* SettingsViewController.swift */ = {isa = PBXFileReference; fileEncoding = 4; lastKnownFileType = sourcecode.swift; path = SettingsViewController.swift; sourceTree = "<group>"; };
		BF6770391CF1A80F00A437AF /* ConverterSettingsViewController.swift */ = {isa = PBXFileReference; fileEncoding = 4; lastKnownFileType = sourcecode.swift; path = ConverterSettingsViewController.swift; sourceTree = "<group>"; };
		BF67703A1CF1A80F00A437AF /* AboutViewController.swift */ = {isa = PBXFileReference; fileEncoding = 4; lastKnownFileType = sourcecode.swift; path = AboutViewController.swift; sourceTree = "<group>"; };
		BF67703B1CF1A80F00A437AF /* WhatsNewViewController.swift */ = {isa = PBXFileReference; fileEncoding = 4; lastKnownFileType = sourcecode.swift; path = WhatsNewViewController.swift; sourceTree = "<group>"; };
		BF67703C1CF1A80F00A437AF /* RomanDatesProducts.swift */ = {isa = PBXFileReference; fileEncoding = 4; lastKnownFileType = sourcecode.swift; path = RomanDatesProducts.swift; sourceTree = "<group>"; };
		BF67703D1CF1A80F00A437AF /* ProductCell.swift */ = {isa = PBXFileReference; fileEncoding = 4; lastKnownFileType = sourcecode.swift; path = ProductCell.swift; sourceTree = "<group>"; };
		BF67703E1CF1A80F00A437AF /* ProductsViewController.swift */ = {isa = PBXFileReference; fileEncoding = 4; lastKnownFileType = sourcecode.swift; path = ProductsViewController.swift; sourceTree = "<group>"; };
		BF67703F1CF1A80F00A437AF /* IAPHelper.swift */ = {isa = PBXFileReference; fileEncoding = 4; lastKnownFileType = sourcecode.swift; path = IAPHelper.swift; sourceTree = "<group>"; };
		BF7AFFDF2565C5740093425F /* NewConverterSettingsView.swift */ = {isa = PBXFileReference; lastKnownFileType = sourcecode.swift; path = NewConverterSettingsView.swift; sourceTree = "<group>"; };
		BF99018C19DD9A9900E049B0 /* LaunchScreen.xib */ = {isa = PBXFileReference; fileEncoding = 4; lastKnownFileType = file.xib; name = LaunchScreen.xib; path = ../LaunchScreen.xib; sourceTree = "<group>"; };
		BF99DF1E256983F8000EA86D /* SwiftUIViewHostingController.swift */ = {isa = PBXFileReference; lastKnownFileType = sourcecode.swift; path = SwiftUIViewHostingController.swift; sourceTree = "<group>"; };
		BFD358DA1EEAFD57001E92CF /* StoreKit.framework */ = {isa = PBXFileReference; lastKnownFileType = wrapper.framework; name = StoreKit.framework; path = System/Library/Frameworks/StoreKit.framework; sourceTree = SDKROOT; };
/* End PBXFileReference section */

/* Begin PBXFrameworksBuildPhase section */
		631EA7131402E7CF003FB021 /* Frameworks */ = {
			isa = PBXFrameworksBuildPhase;
			buildActionMask = 2147483647;
			files = (
				BFD358DB1EEAFD57001E92CF /* StoreKit.framework in Frameworks */,
				631EA76E1402E8A3003FB021 /* iAd.framework in Frameworks */,
				631EA71B1402E7CF003FB021 /* UIKit.framework in Frameworks */,
				631EA71D1402E7CF003FB021 /* Foundation.framework in Frameworks */,
				631EA71F1402E7CF003FB021 /* CoreGraphics.framework in Frameworks */,
			);
			runOnlyForDeploymentPostprocessing = 0;
		};
/* End PBXFrameworksBuildPhase section */

/* Begin PBXGroup section */
		631EA70B1402E7CF003FB021 = {
			isa = PBXGroup;
			children = (
				BF99DF1E256983F8000EA86D /* SwiftUIViewHostingController.swift */,
				631EA7201402E7CF003FB021 /* RomanDates */,
				BF486B7125C4A76A008E82E8 /* RomanDates */,
				631EA7191402E7CF003FB021 /* Frameworks */,
				631EA7171402E7CF003FB021 /* Products */,
			);
			sourceTree = "<group>";
		};
		631EA7171402E7CF003FB021 /* Products */ = {
			isa = PBXGroup;
			children = (
				631EA7161402E7CF003FB021 /* RomanDates.app */,
			);
			name = Products;
			sourceTree = "<group>";
		};
		631EA7191402E7CF003FB021 /* Frameworks */ = {
			isa = PBXGroup;
			children = (
				BFD358DA1EEAFD57001E92CF /* StoreKit.framework */,
				631EA76D1402E8A3003FB021 /* iAd.framework */,
				631EA71A1402E7CF003FB021 /* UIKit.framework */,
				631EA71C1402E7CF003FB021 /* Foundation.framework */,
				631EA71E1402E7CF003FB021 /* CoreGraphics.framework */,
			);
			name = Frameworks;
			sourceTree = "<group>";
		};
		631EA7201402E7CF003FB021 /* RomanDates */ = {
			isa = PBXGroup;
			children = (
			);
			name = RomanDates;
			path = BasicBanner;
			sourceTree = "<group>";
		};
		631EA7211402E7CF003FB021 /* Supporting Files */ = {
			isa = PBXGroup;
			children = (
				BF99018C19DD9A9900E049B0 /* LaunchScreen.xib */,
				BF486B7F25C4A91E008E82E8 /* Images */,
				631EA7221402E7CF003FB021 /* RomanDates-Info.plist */,
				631EA7231402E7CF003FB021 /* InfoPlist.strings */,
				53202C5117286BF500BB02BD /* MainStoryboard.storyboard */,
				BFD358D71EEAFC13001E92CF /* MainStoryboard (IAP).storyboard */,
			);
			name = "Supporting Files";
			path = BasicBanner;
			sourceTree = "<group>";
		};
		BF486B7125C4A76A008E82E8 /* RomanDates */ = {
			isa = PBXGroup;
			children = (
				BF3C1F431BE28522003FD66F /* Converter.swift */,
				BF3C1F411BE28297003FD66F /* MainViewController.swift */,
				BF67703A1CF1A80F00A437AF /* AboutViewController.swift */,
				BF6770381CF1A80F00A437AF /* SettingsViewController.swift */,
				BF6770391CF1A80F00A437AF /* ConverterSettingsViewController.swift */,
				BF7AFFDF2565C5740093425F /* NewConverterSettingsView.swift */,
				BF67703B1CF1A80F00A437AF /* WhatsNewViewController.swift */,
				BF6047DC256A802800350014 /* UserSettings.swift */,
				BF6047DF256A807500350014 /* Utilities.swift */,
				BF486B7C25C4A80B008E82E8 /* IAP */,
				631EA7211402E7CF003FB021 /* Supporting Files */,
				BF3C1F401BE28297003FD66F /* RomanDates-Bridging-Header.h */,
				BF486B7225C4A76A008E82E8 /* AppConfiguration.swift */,
				BF486B7325C4A76A008E82E8 /* Images.xcassets */,
				BF486B7425C4A76A008E82E8 /* AppDelegate.swift */,
			);
			path = RomanDates;
			sourceTree = "<group>";
		};
		BF486B7C25C4A80B008E82E8 /* IAP */ = {
			isa = PBXGroup;
			children = (
				BF67703C1CF1A80F00A437AF /* RomanDatesProducts.swift */,
				BF67703D1CF1A80F00A437AF /* ProductCell.swift */,
				BF67703E1CF1A80F00A437AF /* ProductsViewController.swift */,
				BF67703F1CF1A80F00A437AF /* IAPHelper.swift */,
			);
			path = IAP;
			sourceTree = "<group>";
		};
		BF486B7F25C4A91E008E82E8 /* Images */ = {
			isa = PBXGroup;
			children = (
				533396151745525C0024FF41 /* Default.png */,
				533396161745525C0024FF41 /* Default@2x.png */,
				533396101745525C0024FF41 /* Default-568h@2x.png */,
				533396111745525C0024FF41 /* Default-Landscape.png */,
				533396121745525C0024FF41 /* Default-Landscape@2x.png */,
				533396131745525C0024FF41 /* Default-Portrait.png */,
				533396141745525C0024FF41 /* Default-Portrait@2x.png */,
			);
			path = Images;
			sourceTree = "<group>";
		};
/* End PBXGroup section */

/* Begin PBXNativeTarget section */
		631EA7151402E7CF003FB021 /* RomanDates */ = {
			isa = PBXNativeTarget;
			buildConfigurationList = 631EA72E1402E7CF003FB021 /* Build configuration list for PBXNativeTarget "RomanDates" */;
			buildPhases = (
				631EA7121402E7CF003FB021 /* Sources */,
				631EA7131402E7CF003FB021 /* Frameworks */,
				631EA7141402E7CF003FB021 /* Resources */,
			);
			buildRules = (
			);
			dependencies = (
			);
			name = RomanDates;
			productName = BasicBanner;
			productReference = 631EA7161402E7CF003FB021 /* RomanDates.app */;
			productType = "com.apple.product-type.application";
		};
/* End PBXNativeTarget section */

/* Begin PBXProject section */
		631EA70D1402E7CF003FB021 /* Project object */ = {
			isa = PBXProject;
			attributes = {
				LastUpgradeCheck = 1200;
				TargetAttributes = {
					631EA7151402E7CF003FB021 = {
						DevelopmentTeam = 6E8JQ66NR8;
						LastSwiftMigration = 1150;
					};
				};
			};
			buildConfigurationList = 631EA7101402E7CF003FB021 /* Build configuration list for PBXProject "RomanDates" */;
			compatibilityVersion = "Xcode 8.0";
			developmentRegion = en;
			hasScannedForEncodings = 0;
			knownRegions = (
				en,
				Base,
			);
			mainGroup = 631EA70B1402E7CF003FB021;
			productRefGroup = 631EA7171402E7CF003FB021 /* Products */;
			projectDirPath = "";
			projectRoot = "";
			targets = (
				631EA7151402E7CF003FB021 /* RomanDates */,
			);
		};
/* End PBXProject section */

/* Begin PBXResourcesBuildPhase section */
		631EA7141402E7CF003FB021 /* Resources */ = {
			isa = PBXResourcesBuildPhase;
			buildActionMask = 2147483647;
			files = (
				631EA7251402E7CF003FB021 /* InfoPlist.strings in Resources */,
				53202C5317286BF500BB02BD /* MainStoryboard.storyboard in Resources */,
				BF486B7625C4A76A008E82E8 /* Images.xcassets in Resources */,
				533396171745525C0024FF41 /* Default-568h@2x.png in Resources */,
				533396181745525C0024FF41 /* Default-Landscape.png in Resources */,
				533396191745525C0024FF41 /* Default-Landscape@2x.png in Resources */,
				5333961A1745525C0024FF41 /* Default-Portrait.png in Resources */,
				BFD358D91EEAFC13001E92CF /* MainStoryboard (IAP).storyboard in Resources */,
				5333961B1745525C0024FF41 /* Default-Portrait@2x.png in Resources */,
				5333961C1745525C0024FF41 /* Default.png in Resources */,
				BF99018D19DD9A9900E049B0 /* LaunchScreen.xib in Resources */,
				5333961D1745525C0024FF41 /* Default@2x.png in Resources */,
			);
			runOnlyForDeploymentPostprocessing = 0;
		};
/* End PBXResourcesBuildPhase section */

/* Begin PBXSourcesBuildPhase section */
		631EA7121402E7CF003FB021 /* Sources */ = {
			isa = PBXSourcesBuildPhase;
			buildActionMask = 2147483647;
			files = (
				BF3C1F421BE28297003FD66F /* MainViewController.swift in Sources */,
				BF6770441CF1A80F00A437AF /* RomanDatesProducts.swift in Sources */,
				BF3C1F441BE28522003FD66F /* Converter.swift in Sources */,
				BF486B7525C4A76A008E82E8 /* AppConfiguration.swift in Sources */,
				BF6770471CF1A80F00A437AF /* IAPHelper.swift in Sources */,
				BF7AFFE02565C5740093425F /* NewConverterSettingsView.swift in Sources */,
				BF6047E0256A807500350014 /* Utilities.swift in Sources */,
				BF6770461CF1A80F00A437AF /* ProductsViewController.swift in Sources */,
				BF6770421CF1A80F00A437AF /* AboutViewController.swift in Sources */,
				BF6770401CF1A80F00A437AF /* SettingsViewController.swift in Sources */,
				BF99DF1F256983F8000EA86D /* SwiftUIViewHostingController.swift in Sources */,
				BF486B7725C4A76A008E82E8 /* AppDelegate.swift in Sources */,
				BF6770411CF1A80F00A437AF /* ConverterSettingsViewController.swift in Sources */,
				BF6770451CF1A80F00A437AF /* ProductCell.swift in Sources */,
				BF6047DD256A802800350014 /* UserSettings.swift in Sources */,
				BF6770431CF1A80F00A437AF /* WhatsNewViewController.swift in Sources */,
			);
			runOnlyForDeploymentPostprocessing = 0;
		};
/* End PBXSourcesBuildPhase section */

/* Begin PBXVariantGroup section */
		53202C5117286BF500BB02BD /* MainStoryboard.storyboard */ = {
			isa = PBXVariantGroup;
			children = (
				BF5EF5F7252F594500546690 /* Base */,
			);
			name = MainStoryboard.storyboard;
			path = ..;
			sourceTree = "<group>";
		};
		631EA7231402E7CF003FB021 /* InfoPlist.strings */ = {
			isa = PBXVariantGroup;
			children = (
				631EA7241402E7CF003FB021 /* en */,
			);
			name = InfoPlist.strings;
			sourceTree = "<group>";
		};
		BFD358D71EEAFC13001E92CF /* MainStoryboard (IAP).storyboard */ = {
			isa = PBXVariantGroup;
			children = (
				BF5EF5F8252F594500546690 /* Base */,
			);
			name = "MainStoryboard (IAP).storyboard";
			path = ..;
			sourceTree = "<group>";
		};
/* End PBXVariantGroup section */

/* Begin XCBuildConfiguration section */
		631EA72C1402E7CF003FB021 /* Debug */ = {
			isa = XCBuildConfiguration;
			buildSettings = {
				ALWAYS_SEARCH_USER_PATHS = NO;
				CLANG_ANALYZER_LOCALIZABILITY_NONLOCALIZED = YES;
				CLANG_ENABLE_OBJC_ARC = YES;
				CLANG_WARN_BLOCK_CAPTURE_AUTORELEASING = YES;
				CLANG_WARN_BOOL_CONVERSION = YES;
				CLANG_WARN_COMMA = YES;
				CLANG_WARN_CONSTANT_CONVERSION = YES;
				CLANG_WARN_DEPRECATED_OBJC_IMPLEMENTATIONS = YES;
				CLANG_WARN_EMPTY_BODY = YES;
				CLANG_WARN_ENUM_CONVERSION = YES;
				CLANG_WARN_INFINITE_RECURSION = YES;
				CLANG_WARN_INT_CONVERSION = YES;
				CLANG_WARN_NON_LITERAL_NULL_CONVERSION = YES;
				CLANG_WARN_OBJC_IMPLICIT_RETAIN_SELF = YES;
				CLANG_WARN_OBJC_LITERAL_CONVERSION = YES;
				CLANG_WARN_QUOTED_INCLUDE_IN_FRAMEWORK_HEADER = YES;
				CLANG_WARN_RANGE_LOOP_ANALYSIS = YES;
				CLANG_WARN_STRICT_PROTOTYPES = YES;
				CLANG_WARN_SUSPICIOUS_MOVE = YES;
				CLANG_WARN_UNREACHABLE_CODE = YES;
				CLANG_WARN__DUPLICATE_METHOD_MATCH = YES;
				"CODE_SIGN_IDENTITY[sdk=iphoneos*]" = "iPhone Developer";
				COPY_PHASE_STRIP = NO;
				ENABLE_STRICT_OBJC_MSGSEND = YES;
				ENABLE_TESTABILITY = YES;
				GCC_C_LANGUAGE_STANDARD = gnu99;
				GCC_DYNAMIC_NO_PIC = NO;
				GCC_NO_COMMON_BLOCKS = YES;
				GCC_OPTIMIZATION_LEVEL = 0;
				GCC_PREPROCESSOR_DEFINITIONS = (
					"DEBUG=1",
					"$(inherited)",
				);
				GCC_SYMBOLS_PRIVATE_EXTERN = NO;
				GCC_VERSION = com.apple.compilers.llvm.clang.1_0;
				GCC_WARN_64_TO_32_BIT_CONVERSION = YES;
				GCC_WARN_ABOUT_MISSING_FIELD_INITIALIZERS = YES;
				GCC_WARN_ABOUT_MISSING_PROTOTYPES = YES;
				GCC_WARN_ABOUT_RETURN_TYPE = YES;
				GCC_WARN_INITIALIZER_NOT_FULLY_BRACKETED = YES;
				GCC_WARN_SHADOW = YES;
				GCC_WARN_SIGN_COMPARE = YES;
				GCC_WARN_UNDECLARED_SELECTOR = YES;
				GCC_WARN_UNINITIALIZED_AUTOS = YES;
				GCC_WARN_UNUSED_FUNCTION = YES;
				GCC_WARN_UNUSED_LABEL = YES;
				GCC_WARN_UNUSED_VARIABLE = YES;
				IPHONEOS_DEPLOYMENT_TARGET = 13.0;
				ONLY_ACTIVE_ARCH = YES;
				RUN_CLANG_STATIC_ANALYZER = YES;
				SDKROOT = iphoneos;
				TARGETED_DEVICE_FAMILY = "1,2";
			};
			name = Debug;
		};
		631EA72D1402E7CF003FB021 /* Release */ = {
			isa = XCBuildConfiguration;
			buildSettings = {
				ALWAYS_SEARCH_USER_PATHS = NO;
				CLANG_ANALYZER_LOCALIZABILITY_NONLOCALIZED = YES;
				CLANG_ENABLE_OBJC_ARC = YES;
				CLANG_WARN_BLOCK_CAPTURE_AUTORELEASING = YES;
				CLANG_WARN_BOOL_CONVERSION = YES;
				CLANG_WARN_COMMA = YES;
				CLANG_WARN_CONSTANT_CONVERSION = YES;
				CLANG_WARN_DEPRECATED_OBJC_IMPLEMENTATIONS = YES;
				CLANG_WARN_EMPTY_BODY = YES;
				CLANG_WARN_ENUM_CONVERSION = YES;
				CLANG_WARN_INFINITE_RECURSION = YES;
				CLANG_WARN_INT_CONVERSION = YES;
				CLANG_WARN_NON_LITERAL_NULL_CONVERSION = YES;
				CLANG_WARN_OBJC_IMPLICIT_RETAIN_SELF = YES;
				CLANG_WARN_OBJC_LITERAL_CONVERSION = YES;
				CLANG_WARN_QUOTED_INCLUDE_IN_FRAMEWORK_HEADER = YES;
				CLANG_WARN_RANGE_LOOP_ANALYSIS = YES;
				CLANG_WARN_STRICT_PROTOTYPES = YES;
				CLANG_WARN_SUSPICIOUS_MOVE = YES;
				CLANG_WARN_UNREACHABLE_CODE = YES;
				CLANG_WARN__DUPLICATE_METHOD_MATCH = YES;
				"CODE_SIGN_IDENTITY[sdk=iphoneos*]" = "iPhone Developer";
				COPY_PHASE_STRIP = YES;
				ENABLE_STRICT_OBJC_MSGSEND = YES;
				GCC_C_LANGUAGE_STANDARD = gnu99;
				GCC_NO_COMMON_BLOCKS = YES;
				GCC_VERSION = com.apple.compilers.llvm.clang.1_0;
				GCC_WARN_64_TO_32_BIT_CONVERSION = YES;
				GCC_WARN_ABOUT_MISSING_FIELD_INITIALIZERS = YES;
				GCC_WARN_ABOUT_MISSING_PROTOTYPES = YES;
				GCC_WARN_ABOUT_RETURN_TYPE = YES;
				GCC_WARN_INITIALIZER_NOT_FULLY_BRACKETED = YES;
				GCC_WARN_SHADOW = YES;
				GCC_WARN_SIGN_COMPARE = YES;
				GCC_WARN_UNDECLARED_SELECTOR = YES;
				GCC_WARN_UNINITIALIZED_AUTOS = YES;
				GCC_WARN_UNUSED_FUNCTION = YES;
				GCC_WARN_UNUSED_LABEL = YES;
				GCC_WARN_UNUSED_VARIABLE = YES;
				IPHONEOS_DEPLOYMENT_TARGET = 13.0;
				OTHER_CFLAGS = "-DNS_BLOCK_ASSERTIONS=1";
				RUN_CLANG_STATIC_ANALYZER = YES;
				SDKROOT = iphoneos;
				TARGETED_DEVICE_FAMILY = "1,2";
				VALIDATE_PRODUCT = YES;
			};
			name = Release;
		};
		631EA72F1402E7CF003FB021 /* Debug */ = {
			isa = XCBuildConfiguration;
			buildSettings = {
				ASSETCATALOG_COMPILER_APPICON_NAME = AppIcon;
				CLANG_ENABLE_MODULES = YES;
				CODE_SIGN_IDENTITY = "iPhone Developer";
				FRAMEWORK_SEARCH_PATHS = (
					"$(inherited)",
					"$(PROJECT_DIR)",
				);
				GCC_PRECOMPILE_PREFIX_HEADER = YES;
				GCC_PREFIX_HEADER = "BasicBanner/RomanDates-Prefix.pch";
				INFOPLIST_FILE = "BasicBanner/RomanDates-Info.plist";
				IPHONEOS_DEPLOYMENT_TARGET = 13.0;
				LD_RUNPATH_SEARCH_PATHS = "$(inherited) @executable_path/Frameworks";
				PRODUCT_BUNDLE_IDENTIFIER = "it.kumo.${PRODUCT_NAME:rfc1034identifier}";
				PRODUCT_NAME = RomanDates;
				PROVISIONING_PROFILE = "";
				SWIFT_OBJC_BRIDGING_HEADER = "BasicBanner/RomanDates-Bridging-Header.h";
				SWIFT_OPTIMIZATION_LEVEL = "-Onone";
				SWIFT_SWIFT3_OBJC_INFERENCE = Default;
				SWIFT_VERSION = 5.0;
				TARGETED_DEVICE_FAMILY = "1,2";
				WRAPPER_EXTENSION = app;
			};
			name = Debug;
		};
		631EA7301402E7CF003FB021 /* Release */ = {
			isa = XCBuildConfiguration;
			buildSettings = {
				ASSETCATALOG_COMPILER_APPICON_NAME = AppIcon;
				CLANG_ENABLE_MODULES = YES;
				CODE_SIGN_IDENTITY = "iPhone Developer";
				FRAMEWORK_SEARCH_PATHS = (
					"$(inherited)",
					"$(PROJECT_DIR)",
				);
				GCC_PRECOMPILE_PREFIX_HEADER = YES;
				GCC_PREFIX_HEADER = "BasicBanner/RomanDates-Prefix.pch";
				INFOPLIST_FILE = "BasicBanner/RomanDates-Info.plist";
				IPHONEOS_DEPLOYMENT_TARGET = 13.0;
				LD_RUNPATH_SEARCH_PATHS = "$(inherited) @executable_path/Frameworks";
				PRODUCT_BUNDLE_IDENTIFIER = "it.kumo.${PRODUCT_NAME:rfc1034identifier}";
				PRODUCT_NAME = RomanDates;
				PROVISIONING_PROFILE = "";
				SWIFT_OBJC_BRIDGING_HEADER = "BasicBanner/RomanDates-Bridging-Header.h";
				SWIFT_OPTIMIZATION_LEVEL = "-Owholemodule";
				SWIFT_SWIFT3_OBJC_INFERENCE = Default;
				SWIFT_VERSION = 5.0;
				TARGETED_DEVICE_FAMILY = "1,2";
				WRAPPER_EXTENSION = app;
			};
			name = Release;
		};
/* End XCBuildConfiguration section */

/* Begin XCConfigurationList section */
		631EA7101402E7CF003FB021 /* Build configuration list for PBXProject "RomanDates" */ = {
			isa = XCConfigurationList;
			buildConfigurations = (
				631EA72C1402E7CF003FB021 /* Debug */,
				631EA72D1402E7CF003FB021 /* Release */,
			);
			defaultConfigurationIsVisible = 0;
			defaultConfigurationName = Release;
		};
		631EA72E1402E7CF003FB021 /* Build configuration list for PBXNativeTarget "RomanDates" */ = {
			isa = XCConfigurationList;
			buildConfigurations = (
				631EA72F1402E7CF003FB021 /* Debug */,
				631EA7301402E7CF003FB021 /* Release */,
			);
			defaultConfigurationIsVisible = 0;
			defaultConfigurationName = Release;
		};
/* End XCConfigurationList section */
	};
	rootObject = 631EA70D1402E7CF003FB021 /* Project object */;
}
